// !$*UTF8*$!
{
	archiveVersion = 1;
	classes = {
	};
	objectVersion = 50;
	objects = {

/* Begin PBXBuildFile section */
		6404D634255F69CC00B06E74 /* RelativeSort.swift in Sources */ = {isa = PBXBuildFile; fileRef = 6404D633255F69CC00B06E74 /* RelativeSort.swift */; };
		6404D637255F7D6900B06E74 /* MaxSubArray.swift in Sources */ = {isa = PBXBuildFile; fileRef = 6404D636255F7D6900B06E74 /* MaxSubArray.swift */; };
		6404D63A255FB00D00B06E74 /* ClimStairs.swift in Sources */ = {isa = PBXBuildFile; fileRef = 6404D639255FB00D00B06E74 /* ClimStairs.swift */; };
		6404D63D255FB2BB00B06E74 /* SymmetricTree.swift in Sources */ = {isa = PBXBuildFile; fileRef = 6404D63C255FB2BB00B06E74 /* SymmetricTree.swift */; };
		6404D640255FB57000B06E74 /* MaxTreeDepth.swift in Sources */ = {isa = PBXBuildFile; fileRef = 6404D63F255FB57000B06E74 /* MaxTreeDepth.swift */; };
		6404D643255FB8FD00B06E74 /* MaxProfit.swift in Sources */ = {isa = PBXBuildFile; fileRef = 6404D642255FB8FD00B06E74 /* MaxProfit.swift */; };
		6404D9D8255FD6F200B06E74 /* IntegerReverse.swift in Sources */ = {isa = PBXBuildFile; fileRef = 6404D9D7255FD6F200B06E74 /* IntegerReverse.swift */; };
		6404D9DB255FDB0100B06E74 /* SingleNumber.swift in Sources */ = {isa = PBXBuildFile; fileRef = 6404D9DA255FDB0100B06E74 /* SingleNumber.swift */; };
		6404D9DE255FDD4D00B06E74 /* HasCycle.swift in Sources */ = {isa = PBXBuildFile; fileRef = 6404D9DD255FDD4D00B06E74 /* HasCycle.swift */; };
		64150F49256699A300FE5238 /* MoveZeroes.swift in Sources */ = {isa = PBXBuildFile; fileRef = 64150F48256699A300FE5238 /* MoveZeroes.swift */; };
		64150F4C2566A93500FE5238 /* InvertTree.swift in Sources */ = {isa = PBXBuildFile; fileRef = 64150F4B2566A93500FE5238 /* InvertTree.swift */; };
		64150F4F2566AB6B00FE5238 /* IsPalindrome.swift in Sources */ = {isa = PBXBuildFile; fileRef = 64150F4E2566AB6B00FE5238 /* IsPalindrome.swift */; };
		641E8596255CE45E001A90E0 /* LargestPerimeter.swift in Sources */ = {isa = PBXBuildFile; fileRef = 641E8595255CE45E001A90E0 /* LargestPerimeter.swift */; };
		643D1FF72569043F00D192E3 /* HanmingDistance.swift in Sources */ = {isa = PBXBuildFile; fileRef = 643D1FF62569043F00D192E3 /* HanmingDistance.swift */; };
		643D1FFA2569073300D192E3 /* DiameterOfBinaryTree.swift in Sources */ = {isa = PBXBuildFile; fileRef = 643D1FF92569073300D192E3 /* DiameterOfBinaryTree.swift */; };
		643D1FFE2569100E00D192E3 /* MergeTree.swift in Sources */ = {isa = PBXBuildFile; fileRef = 643D1FFD2569100E00D192E3 /* MergeTree.swift */; };
		643D2001256913F600D192E3 /* RomanToInt.swift in Sources */ = {isa = PBXBuildFile; fileRef = 643D2000256913F600D192E3 /* RomanToInt.swift */; };
		64654FAE255B82560077D3A1 /* LongestPalindrome.swift in Sources */ = {isa = PBXBuildFile; fileRef = 64654FAD255B82560077D3A1 /* LongestPalindrome.swift */; };
		64654FB1255B8DA90077D3A1 /* IsPowerOfThree.swift in Sources */ = {isa = PBXBuildFile; fileRef = 64654FB0255B8DA90077D3A1 /* IsPowerOfThree.swift */; };
		64655405255C34C00077D3A1 /* ValidBracket.swift in Sources */ = {isa = PBXBuildFile; fileRef = 64655404255C34C00077D3A1 /* ValidBracket.swift */; };
		64655408255C3BC60077D3A1 /* TowSum.swift in Sources */ = {isa = PBXBuildFile; fileRef = 64655407255C3BC60077D3A1 /* TowSum.swift */; };
		6465540B255C41E60077D3A1 /* MergeTwoList.swift in Sources */ = {isa = PBXBuildFile; fileRef = 6465540A255C41E60077D3A1 /* MergeTwoList.swift */; };
		6480DC2025621BBF00F71214 /* FindDisappearedNumbers.swift in Sources */ = {isa = PBXBuildFile; fileRef = 6480DC1F25621BBF00F71214 /* FindDisappearedNumbers.swift */; };
		6480DC242562276F00F71214 /* MinStack.swift in Sources */ = {isa = PBXBuildFile; fileRef = 6480DC232562276F00F71214 /* MinStack.swift */; };
		64B0D4E625565DB300FFDF90 /* QuickSort.swift in Sources */ = {isa = PBXBuildFile; fileRef = 64B0D4E525565DB300FFDF90 /* QuickSort.swift */; };
		64B0D4E92556707400FFDF90 /* YanhuiTriangle.swift in Sources */ = {isa = PBXBuildFile; fileRef = 64B0D4E82556707400FFDF90 /* YanhuiTriangle.swift */; };
		64B0D4EC2556EEDB00FFDF90 /* FairCandySwap.swift in Sources */ = {isa = PBXBuildFile; fileRef = 64B0D4EB2556EEDB00FFDF90 /* FairCandySwap.swift */; };
		64B0D4EF25577F1600FFDF90 /* AlienSort.swift in Sources */ = {isa = PBXBuildFile; fileRef = 64B0D4EE25577F1600FFDF90 /* AlienSort.swift */; };
		64DC862B2564C2F100095F52 /* FindOcurrences.swift in Sources */ = {isa = PBXBuildFile; fileRef = 64DC862A2564C2F100095F52 /* FindOcurrences.swift */; };
		64DC862E2564CE2A00095F52 /* MajorityElement.swift in Sources */ = {isa = PBXBuildFile; fileRef = 64DC862D2564CE2A00095F52 /* MajorityElement.swift */; };
		64DC87AC25650B0F00095F52 /* Rob.swift in Sources */ = {isa = PBXBuildFile; fileRef = 64DC87AB25650B0F00095F52 /* Rob.swift */; };
		64DC87AF2565122800095F52 /* ReverseList.swift in Sources */ = {isa = PBXBuildFile; fileRef = 64DC87AE2565122800095F52 /* ReverseList.swift */; };
		64E5615D255A3DBD00958A7F /* FindLHS.swift in Sources */ = {isa = PBXBuildFile; fileRef = 64E5615C255A3DBD00958A7F /* FindLHS.swift */; };
		64E643B82562AF820058A3ED /* IntersectionNode.swift in Sources */ = {isa = PBXBuildFile; fileRef = 64E643B72562AF820058A3ED /* IntersectionNode.swift */; };
		64F0C30D2556438F00A7AAE5 /* main.swift in Sources */ = {isa = PBXBuildFile; fileRef = 64F0C30C2556438F00A7AAE5 /* main.swift */; };
		64F0C317255643D000A7AAE5 /* SalaryAverage.swift in Sources */ = {isa = PBXBuildFile; fileRef = 64F0C316255643D000A7AAE5 /* SalaryAverage.swift */; };
		64F0C31B2556456C00A7AAE5 /* BubbleSort.swift in Sources */ = {isa = PBXBuildFile; fileRef = 64F0C31A2556456C00A7AAE5 /* BubbleSort.swift */; };
		64F0C31F25564AA200A7AAE5 /* InsertionSort.swift in Sources */ = {isa = PBXBuildFile; fileRef = 64F0C31E25564AA200A7AAE5 /* InsertionSort.swift */; };
		64F0C322255652B500A7AAE5 /* SelectionSort.swift in Sources */ = {isa = PBXBuildFile; fileRef = 64F0C321255652B500A7AAE5 /* SelectionSort.swift */; };
		64F0C3252556571C00A7AAE5 /* MergeSort.swift in Sources */ = {isa = PBXBuildFile; fileRef = 64F0C3242556571C00A7AAE5 /* MergeSort.swift */; };
/* End PBXBuildFile section */

/* Begin PBXCopyFilesBuildPhase section */
		64F0C3072556438F00A7AAE5 /* CopyFiles */ = {
			isa = PBXCopyFilesBuildPhase;
			buildActionMask = 2147483647;
			dstPath = /usr/share/man/man1/;
			dstSubfolderSpec = 0;
			files = (
			);
			runOnlyForDeploymentPostprocessing = 1;
		};
/* End PBXCopyFilesBuildPhase section */

/* Begin PBXFileReference section */
		6404D633255F69CC00B06E74 /* RelativeSort.swift */ = {isa = PBXFileReference; lastKnownFileType = sourcecode.swift; path = RelativeSort.swift; sourceTree = "<group>"; };
		6404D636255F7D6900B06E74 /* MaxSubArray.swift */ = {isa = PBXFileReference; lastKnownFileType = sourcecode.swift; path = MaxSubArray.swift; sourceTree = "<group>"; };
		6404D639255FB00D00B06E74 /* ClimStairs.swift */ = {isa = PBXFileReference; lastKnownFileType = sourcecode.swift; path = ClimStairs.swift; sourceTree = "<group>"; };
		6404D63C255FB2BB00B06E74 /* SymmetricTree.swift */ = {isa = PBXFileReference; lastKnownFileType = sourcecode.swift; path = SymmetricTree.swift; sourceTree = "<group>"; };
		6404D63F255FB57000B06E74 /* MaxTreeDepth.swift */ = {isa = PBXFileReference; lastKnownFileType = sourcecode.swift; path = MaxTreeDepth.swift; sourceTree = "<group>"; };
		6404D642255FB8FD00B06E74 /* MaxProfit.swift */ = {isa = PBXFileReference; lastKnownFileType = sourcecode.swift; path = MaxProfit.swift; sourceTree = "<group>"; };
		6404D9D7255FD6F200B06E74 /* IntegerReverse.swift */ = {isa = PBXFileReference; lastKnownFileType = sourcecode.swift; path = IntegerReverse.swift; sourceTree = "<group>"; };
		6404D9DA255FDB0100B06E74 /* SingleNumber.swift */ = {isa = PBXFileReference; lastKnownFileType = sourcecode.swift; path = SingleNumber.swift; sourceTree = "<group>"; };
		6404D9DD255FDD4D00B06E74 /* HasCycle.swift */ = {isa = PBXFileReference; lastKnownFileType = sourcecode.swift; path = HasCycle.swift; sourceTree = "<group>"; };
		64150F48256699A300FE5238 /* MoveZeroes.swift */ = {isa = PBXFileReference; lastKnownFileType = sourcecode.swift; path = MoveZeroes.swift; sourceTree = "<group>"; };
		64150F4B2566A93500FE5238 /* InvertTree.swift */ = {isa = PBXFileReference; lastKnownFileType = sourcecode.swift; path = InvertTree.swift; sourceTree = "<group>"; };
		64150F4E2566AB6B00FE5238 /* IsPalindrome.swift */ = {isa = PBXFileReference; lastKnownFileType = sourcecode.swift; path = IsPalindrome.swift; sourceTree = "<group>"; };
		641E8595255CE45E001A90E0 /* LargestPerimeter.swift */ = {isa = PBXFileReference; lastKnownFileType = sourcecode.swift; path = LargestPerimeter.swift; sourceTree = "<group>"; };
		643D1FF62569043F00D192E3 /* HanmingDistance.swift */ = {isa = PBXFileReference; lastKnownFileType = sourcecode.swift; path = HanmingDistance.swift; sourceTree = "<group>"; };
		643D1FF92569073300D192E3 /* DiameterOfBinaryTree.swift */ = {isa = PBXFileReference; lastKnownFileType = sourcecode.swift; path = DiameterOfBinaryTree.swift; sourceTree = "<group>"; };
		643D1FFD2569100E00D192E3 /* MergeTree.swift */ = {isa = PBXFileReference; lastKnownFileType = sourcecode.swift; path = MergeTree.swift; sourceTree = "<group>"; };
		643D2000256913F600D192E3 /* RomanToInt.swift */ = {isa = PBXFileReference; lastKnownFileType = sourcecode.swift; path = RomanToInt.swift; sourceTree = "<group>"; };
		64654FAD255B82560077D3A1 /* LongestPalindrome.swift */ = {isa = PBXFileReference; lastKnownFileType = sourcecode.swift; path = LongestPalindrome.swift; sourceTree = "<group>"; };
		64654FB0255B8DA90077D3A1 /* IsPowerOfThree.swift */ = {isa = PBXFileReference; lastKnownFileType = sourcecode.swift; path = IsPowerOfThree.swift; sourceTree = "<group>"; };
		64655404255C34C00077D3A1 /* ValidBracket.swift */ = {isa = PBXFileReference; lastKnownFileType = sourcecode.swift; path = ValidBracket.swift; sourceTree = "<group>"; };
		64655407255C3BC60077D3A1 /* TowSum.swift */ = {isa = PBXFileReference; lastKnownFileType = sourcecode.swift; path = TowSum.swift; sourceTree = "<group>"; };
		6465540A255C41E60077D3A1 /* MergeTwoList.swift */ = {isa = PBXFileReference; lastKnownFileType = sourcecode.swift; path = MergeTwoList.swift; sourceTree = "<group>"; };
		6480DC1F25621BBF00F71214 /* FindDisappearedNumbers.swift */ = {isa = PBXFileReference; lastKnownFileType = sourcecode.swift; path = FindDisappearedNumbers.swift; sourceTree = "<group>"; };
		6480DC232562276F00F71214 /* MinStack.swift */ = {isa = PBXFileReference; lastKnownFileType = sourcecode.swift; path = MinStack.swift; sourceTree = "<group>"; };
		64B0D4E525565DB300FFDF90 /* QuickSort.swift */ = {isa = PBXFileReference; lastKnownFileType = sourcecode.swift; path = QuickSort.swift; sourceTree = "<group>"; };
		64B0D4E82556707400FFDF90 /* YanhuiTriangle.swift */ = {isa = PBXFileReference; lastKnownFileType = sourcecode.swift; path = YanhuiTriangle.swift; sourceTree = "<group>"; };
		64B0D4EB2556EEDB00FFDF90 /* FairCandySwap.swift */ = {isa = PBXFileReference; lastKnownFileType = sourcecode.swift; path = FairCandySwap.swift; sourceTree = "<group>"; };
		64B0D4EE25577F1600FFDF90 /* AlienSort.swift */ = {isa = PBXFileReference; lastKnownFileType = sourcecode.swift; path = AlienSort.swift; sourceTree = "<group>"; };
		64DC862A2564C2F100095F52 /* FindOcurrences.swift */ = {isa = PBXFileReference; lastKnownFileType = sourcecode.swift; path = FindOcurrences.swift; sourceTree = "<group>"; };
		64DC862D2564CE2A00095F52 /* MajorityElement.swift */ = {isa = PBXFileReference; lastKnownFileType = sourcecode.swift; path = MajorityElement.swift; sourceTree = "<group>"; };
		64DC87AB25650B0F00095F52 /* Rob.swift */ = {isa = PBXFileReference; lastKnownFileType = sourcecode.swift; path = Rob.swift; sourceTree = "<group>"; };
		64DC87AE2565122800095F52 /* ReverseList.swift */ = {isa = PBXFileReference; lastKnownFileType = sourcecode.swift; path = ReverseList.swift; sourceTree = "<group>"; };
		64E5615C255A3DBD00958A7F /* FindLHS.swift */ = {isa = PBXFileReference; lastKnownFileType = sourcecode.swift; path = FindLHS.swift; sourceTree = "<group>"; };
		64E643B72562AF820058A3ED /* IntersectionNode.swift */ = {isa = PBXFileReference; lastKnownFileType = sourcecode.swift; path = IntersectionNode.swift; sourceTree = "<group>"; };
		64F0C3092556438F00A7AAE5 /* Leetcode */ = {isa = PBXFileReference; explicitFileType = "compiled.mach-o.executable"; includeInIndex = 0; path = Leetcode; sourceTree = BUILT_PRODUCTS_DIR; };
		64F0C30C2556438F00A7AAE5 /* main.swift */ = {isa = PBXFileReference; lastKnownFileType = sourcecode.swift; path = main.swift; sourceTree = "<group>"; };
		64F0C316255643D000A7AAE5 /* SalaryAverage.swift */ = {isa = PBXFileReference; lastKnownFileType = sourcecode.swift; path = SalaryAverage.swift; sourceTree = "<group>"; };
		64F0C31A2556456C00A7AAE5 /* BubbleSort.swift */ = {isa = PBXFileReference; lastKnownFileType = sourcecode.swift; path = BubbleSort.swift; sourceTree = "<group>"; };
		64F0C31E25564AA200A7AAE5 /* InsertionSort.swift */ = {isa = PBXFileReference; lastKnownFileType = sourcecode.swift; path = InsertionSort.swift; sourceTree = "<group>"; };
		64F0C321255652B500A7AAE5 /* SelectionSort.swift */ = {isa = PBXFileReference; lastKnownFileType = sourcecode.swift; path = SelectionSort.swift; sourceTree = "<group>"; };
		64F0C3242556571C00A7AAE5 /* MergeSort.swift */ = {isa = PBXFileReference; lastKnownFileType = sourcecode.swift; path = MergeSort.swift; sourceTree = "<group>"; };
/* End PBXFileReference section */

/* Begin PBXFrameworksBuildPhase section */
		64F0C3062556438F00A7AAE5 /* Frameworks */ = {
			isa = PBXFrameworksBuildPhase;
			buildActionMask = 2147483647;
			files = (
			);
			runOnlyForDeploymentPostprocessing = 0;
		};
/* End PBXFrameworksBuildPhase section */

/* Begin PBXGroup section */
		643D200325691BCA00D192E3 /* Tree */ = {
			isa = PBXGroup;
			children = (
				643D1FFD2569100E00D192E3 /* MergeTree.swift */,
				64150F4B2566A93500FE5238 /* InvertTree.swift */,
				6404D63F255FB57000B06E74 /* MaxTreeDepth.swift */,
				6404D63C255FB2BB00B06E74 /* SymmetricTree.swift */,
			);
			path = Tree;
			sourceTree = "<group>";
		};
		643D200425691BD000D192E3 /* List */ = {
			isa = PBXGroup;
			children = (
				64DC87AE2565122800095F52 /* ReverseList.swift */,
				6465540A255C41E60077D3A1 /* MergeTwoList.swift */,
				6404D9DD255FDD4D00B06E74 /* HasCycle.swift */,
				64150F4E2566AB6B00FE5238 /* IsPalindrome.swift */,
				64E643B72562AF820058A3ED /* IntersectionNode.swift */,
			);
			path = List;
			sourceTree = "<group>";
		};
		643D200525691BFB00D192E3 /* Stack */ = {
			isa = PBXGroup;
			children = (
				6480DC232562276F00F71214 /* MinStack.swift */,
				64655404255C34C00077D3A1 /* ValidBracket.swift */,
			);
			path = Stack;
			sourceTree = "<group>";
		};
		64F0C3002556438F00A7AAE5 = {
			isa = PBXGroup;
			children = (
				64F0C30B2556438F00A7AAE5 /* Leetcode */,
				64F0C30A2556438F00A7AAE5 /* Products */,
			);
			sourceTree = "<group>";
		};
		64F0C30A2556438F00A7AAE5 /* Products */ = {
			isa = PBXGroup;
			children = (
				64F0C3092556438F00A7AAE5 /* Leetcode */,
			);
			name = Products;
			sourceTree = "<group>";
		};
		64F0C30B2556438F00A7AAE5 /* Leetcode */ = {
			isa = PBXGroup;
			children = (
				64F0C3192556453D00A7AAE5 /* BaseSort */,
				64F0C3142556439500A7AAE5 /* Subjects */,
				64F0C30C2556438F00A7AAE5 /* main.swift */,
			);
			path = Leetcode;
			sourceTree = "<group>";
		};
		64F0C3142556439500A7AAE5 /* Subjects */ = {
			isa = PBXGroup;
			children = (
				643D200525691BFB00D192E3 /* Stack */,
				643D200425691BD000D192E3 /* List */,
				643D200325691BCA00D192E3 /* Tree */,
				64F0C316255643D000A7AAE5 /* SalaryAverage.swift */,
				64B0D4E82556707400FFDF90 /* YanhuiTriangle.swift */,
				64B0D4EB2556EEDB00FFDF90 /* FairCandySwap.swift */,
				64B0D4EE25577F1600FFDF90 /* AlienSort.swift */,
				64E5615C255A3DBD00958A7F /* FindLHS.swift */,
				64654FAD255B82560077D3A1 /* LongestPalindrome.swift */,
				64654FB0255B8DA90077D3A1 /* IsPowerOfThree.swift */,
				64655407255C3BC60077D3A1 /* TowSum.swift */,
				641E8595255CE45E001A90E0 /* LargestPerimeter.swift */,
				6404D633255F69CC00B06E74 /* RelativeSort.swift */,
				6404D636255F7D6900B06E74 /* MaxSubArray.swift */,
				6404D639255FB00D00B06E74 /* ClimStairs.swift */,
				6404D642255FB8FD00B06E74 /* MaxProfit.swift */,
				6404D9D7255FD6F200B06E74 /* IntegerReverse.swift */,
				6404D9DA255FDB0100B06E74 /* SingleNumber.swift */,
				6480DC1F25621BBF00F71214 /* FindDisappearedNumbers.swift */,
				64DC862A2564C2F100095F52 /* FindOcurrences.swift */,
				64DC862D2564CE2A00095F52 /* MajorityElement.swift */,
				64DC87AB25650B0F00095F52 /* Rob.swift */,
				64150F48256699A300FE5238 /* MoveZeroes.swift */,
				643D1FF62569043F00D192E3 /* HanmingDistance.swift */,
				643D1FF92569073300D192E3 /* DiameterOfBinaryTree.swift */,
				643D2000256913F600D192E3 /* RomanToInt.swift */,
			);
			path = Subjects;
			sourceTree = "<group>";
		};
		64F0C3192556453D00A7AAE5 /* BaseSort */ = {
			isa = PBXGroup;
			children = (
				64F0C31A2556456C00A7AAE5 /* BubbleSort.swift */,
				64F0C31E25564AA200A7AAE5 /* InsertionSort.swift */,
				64F0C321255652B500A7AAE5 /* SelectionSort.swift */,
				64F0C3242556571C00A7AAE5 /* MergeSort.swift */,
				64B0D4E525565DB300FFDF90 /* QuickSort.swift */,
			);
			path = BaseSort;
			sourceTree = "<group>";
		};
/* End PBXGroup section */

/* Begin PBXNativeTarget section */
		64F0C3082556438F00A7AAE5 /* Leetcode */ = {
			isa = PBXNativeTarget;
			buildConfigurationList = 64F0C3102556438F00A7AAE5 /* Build configuration list for PBXNativeTarget "Leetcode" */;
			buildPhases = (
				64F0C3052556438F00A7AAE5 /* Sources */,
				64F0C3062556438F00A7AAE5 /* Frameworks */,
				64F0C3072556438F00A7AAE5 /* CopyFiles */,
			);
			buildRules = (
			);
			dependencies = (
			);
			name = Leetcode;
			productName = Leetcode;
			productReference = 64F0C3092556438F00A7AAE5 /* Leetcode */;
			productType = "com.apple.product-type.tool";
		};
/* End PBXNativeTarget section */

/* Begin PBXProject section */
		64F0C3012556438F00A7AAE5 /* Project object */ = {
			isa = PBXProject;
			attributes = {
				LastSwiftUpdateCheck = 1210;
				LastUpgradeCheck = 1210;
				TargetAttributes = {
					64F0C3082556438F00A7AAE5 = {
						CreatedOnToolsVersion = 12.1;
					};
				};
			};
			buildConfigurationList = 64F0C3042556438F00A7AAE5 /* Build configuration list for PBXProject "Leetcode" */;
			compatibilityVersion = "Xcode 9.3";
			developmentRegion = en;
			hasScannedForEncodings = 0;
			knownRegions = (
				en,
				Base,
			);
			mainGroup = 64F0C3002556438F00A7AAE5;
			productRefGroup = 64F0C30A2556438F00A7AAE5 /* Products */;
			projectDirPath = "";
			projectRoot = "";
			targets = (
				64F0C3082556438F00A7AAE5 /* Leetcode */,
			);
		};
/* End PBXProject section */

/* Begin PBXSourcesBuildPhase section */
		64F0C3052556438F00A7AAE5 /* Sources */ = {
			isa = PBXSourcesBuildPhase;
			buildActionMask = 2147483647;
			files = (
				6404D640255FB57000B06E74 /* MaxTreeDepth.swift in Sources */,
				6404D9D8255FD6F200B06E74 /* IntegerReverse.swift in Sources */,
				64B0D4EC2556EEDB00FFDF90 /* FairCandySwap.swift in Sources */,
				641E8596255CE45E001A90E0 /* LargestPerimeter.swift in Sources */,
				643D1FF72569043F00D192E3 /* HanmingDistance.swift in Sources */,
				6404D63A255FB00D00B06E74 /* ClimStairs.swift in Sources */,
				64F0C3252556571C00A7AAE5 /* MergeSort.swift in Sources */,
				64F0C30D2556438F00A7AAE5 /* main.swift in Sources */,
				64DC87AC25650B0F00095F52 /* Rob.swift in Sources */,
				6465540B255C41E60077D3A1 /* MergeTwoList.swift in Sources */,
				64DC87AF2565122800095F52 /* ReverseList.swift in Sources */,
				64655405255C34C00077D3A1 /* ValidBracket.swift in Sources */,
				64E5615D255A3DBD00958A7F /* FindLHS.swift in Sources */,
				64150F4F2566AB6B00FE5238 /* IsPalindrome.swift in Sources */,
				64150F49256699A300FE5238 /* MoveZeroes.swift in Sources */,
				64E643B82562AF820058A3ED /* IntersectionNode.swift in Sources */,
				64150F4C2566A93500FE5238 /* InvertTree.swift in Sources */,
				6404D643255FB8FD00B06E74 /* MaxProfit.swift in Sources */,
				6480DC242562276F00F71214 /* MinStack.swift in Sources */,
				64B0D4E625565DB300FFDF90 /* QuickSort.swift in Sources */,
				643D1FFE2569100E00D192E3 /* MergeTree.swift in Sources */,
				64654FAE255B82560077D3A1 /* LongestPalindrome.swift in Sources */,
				6404D637255F7D6900B06E74 /* MaxSubArray.swift in Sources */,
				6404D634255F69CC00B06E74 /* RelativeSort.swift in Sources */,
				6404D63D255FB2BB00B06E74 /* SymmetricTree.swift in Sources */,
				64B0D4E92556707400FFDF90 /* YanhuiTriangle.swift in Sources */,
				6404D9DB255FDB0100B06E74 /* SingleNumber.swift in Sources */,
				64B0D4EF25577F1600FFDF90 /* AlienSort.swift in Sources */,
				64655408255C3BC60077D3A1 /* TowSum.swift in Sources */,
				64DC862E2564CE2A00095F52 /* MajorityElement.swift in Sources */,
				643D2001256913F600D192E3 /* RomanToInt.swift in Sources */,
				64F0C31F25564AA200A7AAE5 /* InsertionSort.swift in Sources */,
				64F0C317255643D000A7AAE5 /* SalaryAverage.swift in Sources */,
				64F0C31B2556456C00A7AAE5 /* BubbleSort.swift in Sources */,
				643D1FFA2569073300D192E3 /* DiameterOfBinaryTree.swift in Sources */,
				6404D9DE255FDD4D00B06E74 /* HasCycle.swift in Sources */,
				64F0C322255652B500A7AAE5 /* SelectionSort.swift in Sources */,
				6480DC2025621BBF00F71214 /* FindDisappearedNumbers.swift in Sources */,
				64654FB1255B8DA90077D3A1 /* IsPowerOfThree.swift in Sources */,
				64DC862B2564C2F100095F52 /* FindOcurrences.swift in Sources */,
			);
			runOnlyForDeploymentPostprocessing = 0;
		};
/* End PBXSourcesBuildPhase section */

/* Begin XCBuildConfiguration section */
		64F0C30E2556438F00A7AAE5 /* Debug */ = {
			isa = XCBuildConfiguration;
			buildSettings = {
				ALWAYS_SEARCH_USER_PATHS = NO;
				CLANG_ANALYZER_NONNULL = YES;
				CLANG_ANALYZER_NUMBER_OBJECT_CONVERSION = YES_AGGRESSIVE;
				CLANG_CXX_LANGUAGE_STANDARD = "gnu++14";
				CLANG_CXX_LIBRARY = "libc++";
				CLANG_ENABLE_MODULES = YES;
				CLANG_ENABLE_OBJC_ARC = YES;
				CLANG_ENABLE_OBJC_WEAK = YES;
				CLANG_WARN_BLOCK_CAPTURE_AUTORELEASING = YES;
				CLANG_WARN_BOOL_CONVERSION = YES;
				CLANG_WARN_COMMA = YES;
				CLANG_WARN_CONSTANT_CONVERSION = YES;
				CLANG_WARN_DEPRECATED_OBJC_IMPLEMENTATIONS = YES;
				CLANG_WARN_DIRECT_OBJC_ISA_USAGE = YES_ERROR;
				CLANG_WARN_DOCUMENTATION_COMMENTS = YES;
				CLANG_WARN_EMPTY_BODY = YES;
				CLANG_WARN_ENUM_CONVERSION = YES;
				CLANG_WARN_INFINITE_RECURSION = YES;
				CLANG_WARN_INT_CONVERSION = YES;
				CLANG_WARN_NON_LITERAL_NULL_CONVERSION = YES;
				CLANG_WARN_OBJC_IMPLICIT_RETAIN_SELF = YES;
				CLANG_WARN_OBJC_LITERAL_CONVERSION = YES;
				CLANG_WARN_OBJC_ROOT_CLASS = YES_ERROR;
				CLANG_WARN_QUOTED_INCLUDE_IN_FRAMEWORK_HEADER = YES;
				CLANG_WARN_RANGE_LOOP_ANALYSIS = YES;
				CLANG_WARN_STRICT_PROTOTYPES = YES;
				CLANG_WARN_SUSPICIOUS_MOVE = YES;
				CLANG_WARN_UNGUARDED_AVAILABILITY = YES_AGGRESSIVE;
				CLANG_WARN_UNREACHABLE_CODE = YES;
				CLANG_WARN__DUPLICATE_METHOD_MATCH = YES;
				COPY_PHASE_STRIP = NO;
				DEBUG_INFORMATION_FORMAT = dwarf;
				ENABLE_STRICT_OBJC_MSGSEND = YES;
				ENABLE_TESTABILITY = YES;
				GCC_C_LANGUAGE_STANDARD = gnu11;
				GCC_DYNAMIC_NO_PIC = NO;
				GCC_NO_COMMON_BLOCKS = YES;
				GCC_OPTIMIZATION_LEVEL = 0;
				GCC_PREPROCESSOR_DEFINITIONS = (
					"DEBUG=1",
					"$(inherited)",
				);
				GCC_WARN_64_TO_32_BIT_CONVERSION = YES;
				GCC_WARN_ABOUT_RETURN_TYPE = YES_ERROR;
				GCC_WARN_UNDECLARED_SELECTOR = YES;
				GCC_WARN_UNINITIALIZED_AUTOS = YES_AGGRESSIVE;
				GCC_WARN_UNUSED_FUNCTION = YES;
				GCC_WARN_UNUSED_VARIABLE = YES;
				MACOSX_DEPLOYMENT_TARGET = 10.15;
				MTL_ENABLE_DEBUG_INFO = INCLUDE_SOURCE;
				MTL_FAST_MATH = YES;
				ONLY_ACTIVE_ARCH = YES;
				SDKROOT = macosx;
				SWIFT_ACTIVE_COMPILATION_CONDITIONS = DEBUG;
				SWIFT_OPTIMIZATION_LEVEL = "-Onone";
			};
			name = Debug;
		};
		64F0C30F2556438F00A7AAE5 /* Release */ = {
			isa = XCBuildConfiguration;
			buildSettings = {
				ALWAYS_SEARCH_USER_PATHS = NO;
				CLANG_ANALYZER_NONNULL = YES;
				CLANG_ANALYZER_NUMBER_OBJECT_CONVERSION = YES_AGGRESSIVE;
				CLANG_CXX_LANGUAGE_STANDARD = "gnu++14";
				CLANG_CXX_LIBRARY = "libc++";
				CLANG_ENABLE_MODULES = YES;
				CLANG_ENABLE_OBJC_ARC = YES;
				CLANG_ENABLE_OBJC_WEAK = YES;
				CLANG_WARN_BLOCK_CAPTURE_AUTORELEASING = YES;
				CLANG_WARN_BOOL_CONVERSION = YES;
				CLANG_WARN_COMMA = YES;
				CLANG_WARN_CONSTANT_CONVERSION = YES;
				CLANG_WARN_DEPRECATED_OBJC_IMPLEMENTATIONS = YES;
				CLANG_WARN_DIRECT_OBJC_ISA_USAGE = YES_ERROR;
				CLANG_WARN_DOCUMENTATION_COMMENTS = YES;
				CLANG_WARN_EMPTY_BODY = YES;
				CLANG_WARN_ENUM_CONVERSION = YES;
				CLANG_WARN_INFINITE_RECURSION = YES;
				CLANG_WARN_INT_CONVERSION = YES;
				CLANG_WARN_NON_LITERAL_NULL_CONVERSION = YES;
				CLANG_WARN_OBJC_IMPLICIT_RETAIN_SELF = YES;
				CLANG_WARN_OBJC_LITERAL_CONVERSION = YES;
				CLANG_WARN_OBJC_ROOT_CLASS = YES_ERROR;
				CLANG_WARN_QUOTED_INCLUDE_IN_FRAMEWORK_HEADER = YES;
				CLANG_WARN_RANGE_LOOP_ANALYSIS = YES;
				CLANG_WARN_STRICT_PROTOTYPES = YES;
				CLANG_WARN_SUSPICIOUS_MOVE = YES;
				CLANG_WARN_UNGUARDED_AVAILABILITY = YES_AGGRESSIVE;
				CLANG_WARN_UNREACHABLE_CODE = YES;
				CLANG_WARN__DUPLICATE_METHOD_MATCH = YES;
				COPY_PHASE_STRIP = NO;
				DEBUG_INFORMATION_FORMAT = "dwarf-with-dsym";
				ENABLE_NS_ASSERTIONS = NO;
				ENABLE_STRICT_OBJC_MSGSEND = YES;
				GCC_C_LANGUAGE_STANDARD = gnu11;
				GCC_NO_COMMON_BLOCKS = YES;
				GCC_WARN_64_TO_32_BIT_CONVERSION = YES;
				GCC_WARN_ABOUT_RETURN_TYPE = YES_ERROR;
				GCC_WARN_UNDECLARED_SELECTOR = YES;
				GCC_WARN_UNINITIALIZED_AUTOS = YES_AGGRESSIVE;
				GCC_WARN_UNUSED_FUNCTION = YES;
				GCC_WARN_UNUSED_VARIABLE = YES;
				MACOSX_DEPLOYMENT_TARGET = 10.15;
				MTL_ENABLE_DEBUG_INFO = NO;
				MTL_FAST_MATH = YES;
				SDKROOT = macosx;
				SWIFT_COMPILATION_MODE = wholemodule;
				SWIFT_OPTIMIZATION_LEVEL = "-O";
			};
			name = Release;
		};
		64F0C3112556438F00A7AAE5 /* Debug */ = {
			isa = XCBuildConfiguration;
			buildSettings = {
				CODE_SIGN_STYLE = Automatic;
				PRODUCT_NAME = "$(TARGET_NAME)";
				SWIFT_VERSION = 5.0;
			};
			name = Debug;
		};
		64F0C3122556438F00A7AAE5 /* Release */ = {
			isa = XCBuildConfiguration;
			buildSettings = {
				CODE_SIGN_STYLE = Automatic;
				PRODUCT_NAME = "$(TARGET_NAME)";
				SWIFT_VERSION = 5.0;
			};
			name = Release;
		};
/* End XCBuildConfiguration section */

/* Begin XCConfigurationList section */
		64F0C3042556438F00A7AAE5 /* Build configuration list for PBXProject "Leetcode" */ = {
			isa = XCConfigurationList;
			buildConfigurations = (
				64F0C30E2556438F00A7AAE5 /* Debug */,
				64F0C30F2556438F00A7AAE5 /* Release */,
			);
			defaultConfigurationIsVisible = 0;
			defaultConfigurationName = Release;
		};
		64F0C3102556438F00A7AAE5 /* Build configuration list for PBXNativeTarget "Leetcode" */ = {
			isa = XCConfigurationList;
			buildConfigurations = (
				64F0C3112556438F00A7AAE5 /* Debug */,
				64F0C3122556438F00A7AAE5 /* Release */,
			);
			defaultConfigurationIsVisible = 0;
			defaultConfigurationName = Release;
		};
/* End XCConfigurationList section */
	};
	rootObject = 64F0C3012556438F00A7AAE5 /* Project object */;
}
